
Microsoft Visual Studio Solution File, Format Version 12.00
# Visual Studio Version 17
VisualStudioVersion = 17.12.35323.107
MinimumVisualStudioVersion = 10.0.40219.1
Project("{2150E333-8FDC-42A3-9474-1A3956D46DE8}") = "Services", "Services", "{6ACF7565-AEA0-45CE-9140-DEEB7B5B91B6}"
EndProject
Project("{2150E333-8FDC-42A3-9474-1A3956D46DE8}") = "Catalog", "Catalog", "{44929EC5-D9BD-4D8A-8DCA-99AD09D90C13}"
EndProject
Project("{FAE04EC0-301F-11D3-BF4B-00C04F79EFBC}") = "Catalog.API", "..\src\Services\Catalog\Catalog.API\Catalog.API.csproj", "{DB2F0377-3214-4433-89F0-115E8A7C0E4D}"
EndProject
Project("{2150E333-8FDC-42A3-9474-1A3956D46DE8}") = "BuildingBlocks", "BuildingBlocks", "{3771164C-4552-42A6-AC3F-58478E40E078}"
EndProject
Project("{FAE04EC0-301F-11D3-BF4B-00C04F79EFBC}") = "BuildingBlocks", "..\src\BuildingBlocks\BuildingBlocks\BuildingBlocks.csproj", "{1945BD37-BA90-4E1C-921B-9A055336F515}"
EndProject
Global
	GlobalSection(SolutionConfigurationPlatforms) = preSolution
		Debug|Any CPU = Debug|Any CPU
		Release|Any CPU = Release|Any CPU
	EndGlobalSection
	GlobalSection(ProjectConfigurationPlatforms) = postSolution
		{DB2F0377-3214-4433-89F0-115E8A7C0E4D}.Debug|Any CPU.ActiveCfg = Debug|Any CPU
		{DB2F0377-3214-4433-89F0-115E8A7C0E4D}.Debug|Any CPU.Build.0 = Debug|Any CPU
		{DB2F0377-3214-4433-89F0-115E8A7C0E4D}.Release|Any CPU.ActiveCfg = Release|Any CPU
		{DB2F0377-3214-4433-89F0-115E8A7C0E4D}.Release|Any CPU.Build.0 = Release|Any CPU
		{1945BD37-BA90-4E1C-921B-9A055336F515}.Debug|Any CPU.ActiveCfg = Debug|Any CPU
		{1945BD37-BA90-4E1C-921B-9A055336F515}.Debug|Any CPU.Build.0 = Debug|Any CPU
		{1945BD37-BA90-4E1C-921B-9A055336F515}.Release|Any CPU.ActiveCfg = Release|Any CPU
		{1945BD37-BA90-4E1C-921B-9A055336F515}.Release|Any CPU.Build.0 = Release|Any CPU
	EndGlobalSection
	GlobalSection(SolutionProperties) = preSolution
		HideSolutionNode = FALSE
	EndGlobalSection
	GlobalSection(NestedProjects) = preSolution
		{44929EC5-D9BD-4D8A-8DCA-99AD09D90C13} = {6ACF7565-AEA0-45CE-9140-DEEB7B5B91B6}
		{DB2F0377-3214-4433-89F0-115E8A7C0E4D} = {44929EC5-D9BD-4D8A-8DCA-99AD09D90C13}
		{1945BD37-BA90-4E1C-921B-9A055336F515} = {3771164C-4552-42A6-AC3F-58478E40E078}
	EndGlobalSection
	GlobalSection(ExtensibilityGlobals) = postSolution
		SolutionGuid = {2D625422-B20A-4B8C-9463-F6527D463777}
	EndGlobalSection
EndGlobal
